{
  "name": "devweave-agent-kit",
  "version": "0.6.0",
  "lockfileVersion": 3,
  "requires": true,
  "packages": {
    "": {
      "name": "devweave-agent-kit",
      "version": "0.6.0",
      "license": "MIT",
      "bin": {
        "devweave": "bin/devweave.js"
      },
      "engines": {
        "node": ">=18"
      }
    }
  }
}
